# THIS IS AN AUTOGENERATED FILE. DO NOT EDIT THIS FILE DIRECTLY.
# yarn lockfile v1


prismjs@^1.21.0:
  version "1.29.0"
  resolved "https://registry.yarnpkg.com/prismjs/-/prismjs-1.29.0.tgz#f113555a8fa9b57c35e637bba27509dcf802dd12"
  integrity sha512-Kx/1w86q/epKcmte75LNrEoT+lX8pBpavuAbvJWRXar7Hz8jrtF+e3vY751p0R8H9HdArwaCTNDDzHg/ScJK1Q==

react-notion@^0.10.0:
  version "0.10.0"
  resolved "https://registry.yarnpkg.com/react-notion/-/react-notion-0.10.0.tgz#d30876b681b09d91dc671b04c7f604adb4e2499e"
  integrity sha512-i5lVAxzSs7GnTpIbKtivPQWxGZiKCO5xmCmMJyn6F91y8X1IIJqnypkK+31F2acb1l1Qd8Yv0ktuvXwz9g49NQ==
  dependencies:
    prismjs "^1.21.0"
